
Microsoft Visual Studio Solution File, Format Version 12.00
# Visual Studio Version 17
VisualStudioVersion = 17.1.32407.343
MinimumVisualStudioVersion = 10.0.40219.1
Project("{2150E333-8FDC-42A3-9474-1A3956D46DE8}") = "src", "src", "{F9CE6FF6-1C64-44B6-838C-1FEEC795BA81}"
EndProject
Project("{2150E333-8FDC-42A3-9474-1A3956D46DE8}") = "tests", "tests", "{71B47B65-FE53-4762-B175-2D07DDD3B04A}"
EndProject
Project("{2150E333-8FDC-42A3-9474-1A3956D46DE8}") = "Domain", "Domain", "{1A6D58E2-89A7-44FB-BE6B-1824994A6847}"
EndProject
Project("{9A19103F-16F7-4668-BE54-9A1E7A4F7556}") = "EPiServerCli.Domain", "src\Domain\Entities\EPiServerCli.Domain.csproj", "{5C74A9E6-D99E-4A3F-A34E-43A1965BAD5C}"
EndProject
Project("{2150E333-8FDC-42A3-9474-1A3956D46DE8}") = "Domain", "Domain", "{D96E00BF-CB21-4657-AA08-B16BD01E4143}"
EndProject
Project("{9A19103F-16F7-4668-BE54-9A1E7A4F7556}") = "EPiServerCli.Domain.Tests", "tests\Domain\EPiServerCli.Entities.Tests\EPiServerCli.Domain.Tests.csproj", "{C32F2523-A5C4-4545-81F9-62D6C4239C5B}"
EndProject
Project("{2150E333-8FDC-42A3-9474-1A3956D46DE8}") = "Business", "Business", "{4566F4BA-8247-4DBA-944B-7B5AEBE8AC71}"
EndProject
Project("{9A19103F-16F7-4668-BE54-9A1E7A4F7556}") = "EPiServerCli.Business", "src\Business\EPiServerCli.Business\EPiServerCli.Business.csproj", "{BC390ECE-B836-42B8-8F06-2B2E22306804}"
EndProject
Project("{9A19103F-16F7-4668-BE54-9A1E7A4F7556}") = "EPiServerCli.Business.Interfaces", "src\Business\EPiServerCli.Business.Interfaces\EPiServerCli.Business.Interfaces.csproj", "{4A33EB69-F224-47D7-A37E-61006E051C48}"
EndProject
Project("{2150E333-8FDC-42A3-9474-1A3956D46DE8}") = "Business", "Business", "{9584A5E8-A337-44DC-B8A3-9CC5FD62AF05}"
EndProject
Project("{9A19103F-16F7-4668-BE54-9A1E7A4F7556}") = "EPiServerCli.Business.Tests", "tests\Business\EPiServerCli.Business.Tests\EPiServerCli.Business.Tests.csproj", "{C8BB17F5-2927-418D-83AA-B1B633223449}"
EndProject
Project("{2150E333-8FDC-42A3-9474-1A3956D46DE8}") = "DataAccess", "DataAccess", "{79195628-F8CC-4B08-80F3-304C1BED2A6F}"
EndProject
Project("{FAE04EC0-301F-11D3-BF4B-00C04F79EFBC}") = "EPiServerCli.DataAccess", "src\DataAccess\EPiServerCli.DataAccess\EPiServerCli.DataAccess.csproj", "{9F0F189C-7830-429B-B339-DA4718EFAABC}"
EndProject
Project("{FAE04EC0-301F-11D3-BF4B-00C04F79EFBC}") = "EPiServerCli.DataAccess.Interfaces", "src\DataAccess\EPiServerCli.DataAccess.Interfaces\EPiServerCli.DataAccess.Interfaces.csproj", "{58F93C6A-A031-4039-9E24-BFC036C5C949}"
EndProject
Project("{2150E333-8FDC-42A3-9474-1A3956D46DE8}") = "DataAccess", "DataAccess", "{548D12E5-5F5C-4784-B21B-05F8560E0F7D}"
EndProject
Project("{FAE04EC0-301F-11D3-BF4B-00C04F79EFBC}") = "EPiServerCli.DataAccess.Tests", "tests\DataAccess\EPiServerCli.DataAccess.Tests\EPiServerCli.DataAccess.Tests.csproj", "{CA700F39-6C06-40EC-A0B1-179AFDF90959}"
EndProject
Project("{2150E333-8FDC-42A3-9474-1A3956D46DE8}") = "Presentation", "Presentation", "{B2FBED39-9EFB-4046-8EC2-7289B108E512}"
EndProject
Project("{9A19103F-16F7-4668-BE54-9A1E7A4F7556}") = "EPiServerCli.Client", "src\Presentation\EPiServerCli.Client\EPiServerCli.Client.csproj", "{4A13846E-9386-4DC6-B83B-6F2A9A44D810}"
EndProject
Global
	GlobalSection(SolutionConfigurationPlatforms) = preSolution
		Debug|Any CPU = Debug|Any CPU
		Release|Any CPU = Release|Any CPU
	EndGlobalSection
	GlobalSection(ProjectConfigurationPlatforms) = postSolution
		{5C74A9E6-D99E-4A3F-A34E-43A1965BAD5C}.Debug|Any CPU.ActiveCfg = Debug|Any CPU
		{5C74A9E6-D99E-4A3F-A34E-43A1965BAD5C}.Debug|Any CPU.Build.0 = Debug|Any CPU
		{5C74A9E6-D99E-4A3F-A34E-43A1965BAD5C}.Release|Any CPU.ActiveCfg = Release|Any CPU
		{5C74A9E6-D99E-4A3F-A34E-43A1965BAD5C}.Release|Any CPU.Build.0 = Release|Any CPU
		{C32F2523-A5C4-4545-81F9-62D6C4239C5B}.Debug|Any CPU.ActiveCfg = Debug|Any CPU
		{C32F2523-A5C4-4545-81F9-62D6C4239C5B}.Debug|Any CPU.Build.0 = Debug|Any CPU
		{C32F2523-A5C4-4545-81F9-62D6C4239C5B}.Release|Any CPU.ActiveCfg = Release|Any CPU
		{C32F2523-A5C4-4545-81F9-62D6C4239C5B}.Release|Any CPU.Build.0 = Release|Any CPU
		{BC390ECE-B836-42B8-8F06-2B2E22306804}.Debug|Any CPU.ActiveCfg = Debug|Any CPU
		{BC390ECE-B836-42B8-8F06-2B2E22306804}.Debug|Any CPU.Build.0 = Debug|Any CPU
		{BC390ECE-B836-42B8-8F06-2B2E22306804}.Release|Any CPU.ActiveCfg = Release|Any CPU
		{BC390ECE-B836-42B8-8F06-2B2E22306804}.Release|Any CPU.Build.0 = Release|Any CPU
		{4A33EB69-F224-47D7-A37E-61006E051C48}.Debug|Any CPU.ActiveCfg = Debug|Any CPU
		{4A33EB69-F224-47D7-A37E-61006E051C48}.Debug|Any CPU.Build.0 = Debug|Any CPU
		{4A33EB69-F224-47D7-A37E-61006E051C48}.Release|Any CPU.ActiveCfg = Release|Any CPU
		{4A33EB69-F224-47D7-A37E-61006E051C48}.Release|Any CPU.Build.0 = Release|Any CPU
		{C8BB17F5-2927-418D-83AA-B1B633223449}.Debug|Any CPU.ActiveCfg = Debug|Any CPU
		{C8BB17F5-2927-418D-83AA-B1B633223449}.Debug|Any CPU.Build.0 = Debug|Any CPU
		{C8BB17F5-2927-418D-83AA-B1B633223449}.Release|Any CPU.ActiveCfg = Release|Any CPU
		{C8BB17F5-2927-418D-83AA-B1B633223449}.Release|Any CPU.Build.0 = Release|Any CPU
		{9F0F189C-7830-429B-B339-DA4718EFAABC}.Debug|Any CPU.ActiveCfg = Debug|Any CPU
		{9F0F189C-7830-429B-B339-DA4718EFAABC}.Debug|Any CPU.Build.0 = Debug|Any CPU
		{9F0F189C-7830-429B-B339-DA4718EFAABC}.Release|Any CPU.ActiveCfg = Release|Any CPU
		{9F0F189C-7830-429B-B339-DA4718EFAABC}.Release|Any CPU.Build.0 = Release|Any CPU
		{58F93C6A-A031-4039-9E24-BFC036C5C949}.Debug|Any CPU.ActiveCfg = Debug|Any CPU
		{58F93C6A-A031-4039-9E24-BFC036C5C949}.Debug|Any CPU.Build.0 = Debug|Any CPU
		{58F93C6A-A031-4039-9E24-BFC036C5C949}.Release|Any CPU.ActiveCfg = Release|Any CPU
		{58F93C6A-A031-4039-9E24-BFC036C5C949}.Release|Any CPU.Build.0 = Release|Any CPU
		{CA700F39-6C06-40EC-A0B1-179AFDF90959}.Debug|Any CPU.ActiveCfg = Debug|Any CPU
		{CA700F39-6C06-40EC-A0B1-179AFDF90959}.Debug|Any CPU.Build.0 = Debug|Any CPU
		{CA700F39-6C06-40EC-A0B1-179AFDF90959}.Release|Any CPU.ActiveCfg = Release|Any CPU
		{CA700F39-6C06-40EC-A0B1-179AFDF90959}.Release|Any CPU.Build.0 = Release|Any CPU
		{4A13846E-9386-4DC6-B83B-6F2A9A44D810}.Debug|Any CPU.ActiveCfg = Debug|Any CPU
		{4A13846E-9386-4DC6-B83B-6F2A9A44D810}.Debug|Any CPU.Build.0 = Debug|Any CPU
		{4A13846E-9386-4DC6-B83B-6F2A9A44D810}.Release|Any CPU.ActiveCfg = Release|Any CPU
		{4A13846E-9386-4DC6-B83B-6F2A9A44D810}.Release|Any CPU.Build.0 = Release|Any CPU
	EndGlobalSection
	GlobalSection(SolutionProperties) = preSolution
		HideSolutionNode = FALSE
	EndGlobalSection
	GlobalSection(NestedProjects) = preSolution
		{1A6D58E2-89A7-44FB-BE6B-1824994A6847} = {F9CE6FF6-1C64-44B6-838C-1FEEC795BA81}
		{5C74A9E6-D99E-4A3F-A34E-43A1965BAD5C} = {1A6D58E2-89A7-44FB-BE6B-1824994A6847}
		{D96E00BF-CB21-4657-AA08-B16BD01E4143} = {71B47B65-FE53-4762-B175-2D07DDD3B04A}
		{C32F2523-A5C4-4545-81F9-62D6C4239C5B} = {D96E00BF-CB21-4657-AA08-B16BD01E4143}
		{4566F4BA-8247-4DBA-944B-7B5AEBE8AC71} = {F9CE6FF6-1C64-44B6-838C-1FEEC795BA81}
		{BC390ECE-B836-42B8-8F06-2B2E22306804} = {4566F4BA-8247-4DBA-944B-7B5AEBE8AC71}
		{4A33EB69-F224-47D7-A37E-61006E051C48} = {4566F4BA-8247-4DBA-944B-7B5AEBE8AC71}
		{9584A5E8-A337-44DC-B8A3-9CC5FD62AF05} = {71B47B65-FE53-4762-B175-2D07DDD3B04A}
		{C8BB17F5-2927-418D-83AA-B1B633223449} = {9584A5E8-A337-44DC-B8A3-9CC5FD62AF05}
		{79195628-F8CC-4B08-80F3-304C1BED2A6F} = {F9CE6FF6-1C64-44B6-838C-1FEEC795BA81}
		{9F0F189C-7830-429B-B339-DA4718EFAABC} = {79195628-F8CC-4B08-80F3-304C1BED2A6F}
		{58F93C6A-A031-4039-9E24-BFC036C5C949} = {79195628-F8CC-4B08-80F3-304C1BED2A6F}
		{548D12E5-5F5C-4784-B21B-05F8560E0F7D} = {71B47B65-FE53-4762-B175-2D07DDD3B04A}
		{CA700F39-6C06-40EC-A0B1-179AFDF90959} = {548D12E5-5F5C-4784-B21B-05F8560E0F7D}
		{B2FBED39-9EFB-4046-8EC2-7289B108E512} = {F9CE6FF6-1C64-44B6-838C-1FEEC795BA81}
		{4A13846E-9386-4DC6-B83B-6F2A9A44D810} = {B2FBED39-9EFB-4046-8EC2-7289B108E512}
	EndGlobalSection
	GlobalSection(ExtensibilityGlobals) = postSolution
		SolutionGuid = {1A20D882-00DF-4D8D-B377-1CA8C7595D68}
	EndGlobalSection
EndGlobal
