
Microsoft Visual Studio Solution File, Format Version 12.00
# Visual Studio Version 17
VisualStudioVersion = 17.1.32407.343
MinimumVisualStudioVersion = 10.0.40219.1
Project("{2150E333-8FDC-42A3-9474-1A3956D46DE8}") = "src", "src", "{F9CE6FF6-1C64-44B6-838C-1FEEC795BA81}"
EndProject
Project("{2150E333-8FDC-42A3-9474-1A3956D46DE8}") = "tests", "tests", "{71B47B65-FE53-4762-B175-2D07DDD3B04A}"
EndProject
Project("{2150E333-8FDC-42A3-9474-1A3956D46DE8}") = "Domain", "Domain", "{1A6D58E2-89A7-44FB-BE6B-1824994A6847}"
EndProject
Project("{2150E333-8FDC-42A3-9474-1A3956D46DE8}") = "Domain", "Domain", "{D96E00BF-CB21-4657-AA08-B16BD01E4143}"
EndProject
Project("{2150E333-8FDC-42A3-9474-1A3956D46DE8}") = "Business", "Business", "{4566F4BA-8247-4DBA-944B-7B5AEBE8AC71}"
EndProject
Project("{2150E333-8FDC-42A3-9474-1A3956D46DE8}") = "Business", "Business", "{9584A5E8-A337-44DC-B8A3-9CC5FD62AF05}"
EndProject
Project("{2150E333-8FDC-42A3-9474-1A3956D46DE8}") = "DataAccess", "DataAccess", "{79195628-F8CC-4B08-80F3-304C1BED2A6F}"
EndProject
Project("{2150E333-8FDC-42A3-9474-1A3956D46DE8}") = "DataAccess", "DataAccess", "{548D12E5-5F5C-4784-B21B-05F8560E0F7D}"
EndProject
Project("{2150E333-8FDC-42A3-9474-1A3956D46DE8}") = "Presentation", "Presentation", "{B2FBED39-9EFB-4046-8EC2-7289B108E512}"
EndProject
Project("{2150E333-8FDC-42A3-9474-1A3956D46DE8}") = "Solution Items", "Solution Items", "{62B30BAA-1519-46E8-94F3-88A97AAFD43C}"
	ProjectSection(SolutionItems) = preProject
		.gitattributes = .gitattributes
		.gitignore = .gitignore
		README.md = README.md
	EndProjectSection
EndProject
Project("{9A19103F-16F7-4668-BE54-9A1E7A4F7556}") = "Opti.Cli.Domain.Tests", "tests\Domain\Opti.Cli.Entities.Tests\Opti.Cli.Domain.Tests.csproj", "{38BB28AC-7FD0-474C-8144-BC424CFB5613}"
EndProject
Project("{9A19103F-16F7-4668-BE54-9A1E7A4F7556}") = "Opti.Cli.DataAccess.Tests", "tests\DataAccess\Opti.Cli.DataAccess.Tests\Opti.Cli.DataAccess.Tests.csproj", "{3933BB19-7185-4F17-B64A-6941C79387D2}"
EndProject
Project("{9A19103F-16F7-4668-BE54-9A1E7A4F7556}") = "Opti.Cli.Business.Tests", "tests\Business\Opti.Cli.Business.Tests\Opti.Cli.Business.Tests.csproj", "{634D1262-BF39-42C2-9891-9DA2109F767B}"
EndProject
Project("{9A19103F-16F7-4668-BE54-9A1E7A4F7556}") = "Opti.Cli.Client", "src\Presentation\Opti.Cli.Client\Opti.Cli.Client.csproj", "{528601B7-B386-4EB0-87D2-03A5BE4C7C8B}"
EndProject
Project("{9A19103F-16F7-4668-BE54-9A1E7A4F7556}") = "Opti.Cli.Domain", "src\Domain\Opti.Cli.Domain\Opti.Cli.Domain.csproj", "{D056DA68-DC80-497B-855C-AEA013ABA7D6}"
EndProject
Project("{9A19103F-16F7-4668-BE54-9A1E7A4F7556}") = "Opti.Cli.DataAccess.Interfaces", "src\DataAccess\Opti.Cli.DataAccess.Interfaces\Opti.Cli.DataAccess.Interfaces.csproj", "{ABB7E77D-F6E3-4CFD-BFB9-5B0D261C8A82}"
EndProject
Project("{9A19103F-16F7-4668-BE54-9A1E7A4F7556}") = "Opti.Cli.DataAccess", "src\DataAccess\Opti.Cli.DataAccess\Opti.Cli.DataAccess.csproj", "{EC4B296C-09AF-4167-9EE0-55A74B87CFB1}"
EndProject
Project("{9A19103F-16F7-4668-BE54-9A1E7A4F7556}") = "Opti.Cli.Business", "src\Business\Opti.Cli.Business\Opti.Cli.Business.csproj", "{218CEB1E-6401-45B6-8BAB-A005899C531D}"
EndProject
Project("{9A19103F-16F7-4668-BE54-9A1E7A4F7556}") = "Opti.Cli.Business.Interfaces", "src\Business\Opti.Cli.Business.Interfaces\Opti.Cli.Business.Interfaces.csproj", "{A6F1295F-C22D-4040-AA20-C99C400CAEAE}"
EndProject
Global
	GlobalSection(SolutionConfigurationPlatforms) = preSolution
		Debug|Any CPU = Debug|Any CPU
		Release|Any CPU = Release|Any CPU
	EndGlobalSection
	GlobalSection(ProjectConfigurationPlatforms) = postSolution
		{38BB28AC-7FD0-474C-8144-BC424CFB5613}.Debug|Any CPU.ActiveCfg = Debug|Any CPU
		{38BB28AC-7FD0-474C-8144-BC424CFB5613}.Debug|Any CPU.Build.0 = Debug|Any CPU
		{38BB28AC-7FD0-474C-8144-BC424CFB5613}.Release|Any CPU.ActiveCfg = Release|Any CPU
		{38BB28AC-7FD0-474C-8144-BC424CFB5613}.Release|Any CPU.Build.0 = Release|Any CPU
		{3933BB19-7185-4F17-B64A-6941C79387D2}.Debug|Any CPU.ActiveCfg = Debug|Any CPU
		{3933BB19-7185-4F17-B64A-6941C79387D2}.Debug|Any CPU.Build.0 = Debug|Any CPU
		{3933BB19-7185-4F17-B64A-6941C79387D2}.Release|Any CPU.ActiveCfg = Release|Any CPU
		{3933BB19-7185-4F17-B64A-6941C79387D2}.Release|Any CPU.Build.0 = Release|Any CPU
		{634D1262-BF39-42C2-9891-9DA2109F767B}.Debug|Any CPU.ActiveCfg = Debug|Any CPU
		{634D1262-BF39-42C2-9891-9DA2109F767B}.Debug|Any CPU.Build.0 = Debug|Any CPU
		{634D1262-BF39-42C2-9891-9DA2109F767B}.Release|Any CPU.ActiveCfg = Release|Any CPU
		{634D1262-BF39-42C2-9891-9DA2109F767B}.Release|Any CPU.Build.0 = Release|Any CPU
		{528601B7-B386-4EB0-87D2-03A5BE4C7C8B}.Debug|Any CPU.ActiveCfg = Debug|Any CPU
		{528601B7-B386-4EB0-87D2-03A5BE4C7C8B}.Debug|Any CPU.Build.0 = Debug|Any CPU
		{528601B7-B386-4EB0-87D2-03A5BE4C7C8B}.Release|Any CPU.ActiveCfg = Release|Any CPU
		{528601B7-B386-4EB0-87D2-03A5BE4C7C8B}.Release|Any CPU.Build.0 = Release|Any CPU
		{D056DA68-DC80-497B-855C-AEA013ABA7D6}.Debug|Any CPU.ActiveCfg = Debug|Any CPU
		{D056DA68-DC80-497B-855C-AEA013ABA7D6}.Debug|Any CPU.Build.0 = Debug|Any CPU
		{D056DA68-DC80-497B-855C-AEA013ABA7D6}.Release|Any CPU.ActiveCfg = Release|Any CPU
		{D056DA68-DC80-497B-855C-AEA013ABA7D6}.Release|Any CPU.Build.0 = Release|Any CPU
		{ABB7E77D-F6E3-4CFD-BFB9-5B0D261C8A82}.Debug|Any CPU.ActiveCfg = Debug|Any CPU
		{ABB7E77D-F6E3-4CFD-BFB9-5B0D261C8A82}.Debug|Any CPU.Build.0 = Debug|Any CPU
		{ABB7E77D-F6E3-4CFD-BFB9-5B0D261C8A82}.Release|Any CPU.ActiveCfg = Release|Any CPU
		{ABB7E77D-F6E3-4CFD-BFB9-5B0D261C8A82}.Release|Any CPU.Build.0 = Release|Any CPU
		{EC4B296C-09AF-4167-9EE0-55A74B87CFB1}.Debug|Any CPU.ActiveCfg = Debug|Any CPU
		{EC4B296C-09AF-4167-9EE0-55A74B87CFB1}.Debug|Any CPU.Build.0 = Debug|Any CPU
		{EC4B296C-09AF-4167-9EE0-55A74B87CFB1}.Release|Any CPU.ActiveCfg = Release|Any CPU
		{EC4B296C-09AF-4167-9EE0-55A74B87CFB1}.Release|Any CPU.Build.0 = Release|Any CPU
		{218CEB1E-6401-45B6-8BAB-A005899C531D}.Debug|Any CPU.ActiveCfg = Debug|Any CPU
		{218CEB1E-6401-45B6-8BAB-A005899C531D}.Debug|Any CPU.Build.0 = Debug|Any CPU
		{218CEB1E-6401-45B6-8BAB-A005899C531D}.Release|Any CPU.ActiveCfg = Release|Any CPU
		{218CEB1E-6401-45B6-8BAB-A005899C531D}.Release|Any CPU.Build.0 = Release|Any CPU
		{A6F1295F-C22D-4040-AA20-C99C400CAEAE}.Debug|Any CPU.ActiveCfg = Debug|Any CPU
		{A6F1295F-C22D-4040-AA20-C99C400CAEAE}.Debug|Any CPU.Build.0 = Debug|Any CPU
		{A6F1295F-C22D-4040-AA20-C99C400CAEAE}.Release|Any CPU.ActiveCfg = Release|Any CPU
		{A6F1295F-C22D-4040-AA20-C99C400CAEAE}.Release|Any CPU.Build.0 = Release|Any CPU
	EndGlobalSection
	GlobalSection(SolutionProperties) = preSolution
		HideSolutionNode = FALSE
	EndGlobalSection
	GlobalSection(NestedProjects) = preSolution
		{1A6D58E2-89A7-44FB-BE6B-1824994A6847} = {F9CE6FF6-1C64-44B6-838C-1FEEC795BA81}
		{D96E00BF-CB21-4657-AA08-B16BD01E4143} = {71B47B65-FE53-4762-B175-2D07DDD3B04A}
		{4566F4BA-8247-4DBA-944B-7B5AEBE8AC71} = {F9CE6FF6-1C64-44B6-838C-1FEEC795BA81}
		{9584A5E8-A337-44DC-B8A3-9CC5FD62AF05} = {71B47B65-FE53-4762-B175-2D07DDD3B04A}
		{79195628-F8CC-4B08-80F3-304C1BED2A6F} = {F9CE6FF6-1C64-44B6-838C-1FEEC795BA81}
		{548D12E5-5F5C-4784-B21B-05F8560E0F7D} = {71B47B65-FE53-4762-B175-2D07DDD3B04A}
		{B2FBED39-9EFB-4046-8EC2-7289B108E512} = {F9CE6FF6-1C64-44B6-838C-1FEEC795BA81}
		{38BB28AC-7FD0-474C-8144-BC424CFB5613} = {D96E00BF-CB21-4657-AA08-B16BD01E4143}
		{3933BB19-7185-4F17-B64A-6941C79387D2} = {548D12E5-5F5C-4784-B21B-05F8560E0F7D}
		{634D1262-BF39-42C2-9891-9DA2109F767B} = {9584A5E8-A337-44DC-B8A3-9CC5FD62AF05}
		{528601B7-B386-4EB0-87D2-03A5BE4C7C8B} = {B2FBED39-9EFB-4046-8EC2-7289B108E512}
		{D056DA68-DC80-497B-855C-AEA013ABA7D6} = {1A6D58E2-89A7-44FB-BE6B-1824994A6847}
		{ABB7E77D-F6E3-4CFD-BFB9-5B0D261C8A82} = {79195628-F8CC-4B08-80F3-304C1BED2A6F}
		{EC4B296C-09AF-4167-9EE0-55A74B87CFB1} = {79195628-F8CC-4B08-80F3-304C1BED2A6F}
		{218CEB1E-6401-45B6-8BAB-A005899C531D} = {4566F4BA-8247-4DBA-944B-7B5AEBE8AC71}
		{A6F1295F-C22D-4040-AA20-C99C400CAEAE} = {4566F4BA-8247-4DBA-944B-7B5AEBE8AC71}
	EndGlobalSection
	GlobalSection(ExtensibilityGlobals) = postSolution
		SolutionGuid = {1A20D882-00DF-4D8D-B377-1CA8C7595D68}
	EndGlobalSection
EndGlobal
